
Microsoft Visual Studio Solution File, Format Version 12.00
# Visual Studio Version 17
VisualStudioVersion = 17.14.36414.22
MinimumVisualStudioVersion = 10.0.40219.1
Project("{FAE04EC0-301F-11D3-BF4B-00C04F79EFBC}") = "LexicalAnalyzer", "Lexical Analyzer\LexicalAnalyzer.csproj", "{60BDC255-A124-4F0D-A413-4A22DAFF5083}"
EndProject
Project("{FAE04EC0-301F-11D3-BF4B-00C04F79EFBC}") = "LexicalAnalyzer.Test", "LexicalAnalyzer.Test\LexicalAnalyzer.Test.csproj", "{092197B0-39B7-474C-B844-3CAAFD3BD956}"
EndProject
Global
	GlobalSection(SolutionConfigurationPlatforms) = preSolution
		Debug|Any CPU = Debug|Any CPU
		Release|Any CPU = Release|Any CPU
	EndGlobalSection
	GlobalSection(ProjectConfigurationPlatforms) = postSolution
		{60BDC255-A124-4F0D-A413-4A22DAFF5083}.Debug|Any CPU.ActiveCfg = Debug|Any CPU
		{60BDC255-A124-4F0D-A413-4A22DAFF5083}.Debug|Any CPU.Build.0 = Debug|Any CPU
		{60BDC255-A124-4F0D-A413-4A22DAFF5083}.Release|Any CPU.ActiveCfg = Release|Any CPU
		{60BDC255-A124-4F0D-A413-4A22DAFF5083}.Release|Any CPU.Build.0 = Release|Any CPU
		{092197B0-39B7-474C-B844-3CAAFD3BD956}.Debug|Any CPU.ActiveCfg = Debug|Any CPU
		{092197B0-39B7-474C-B844-3CAAFD3BD956}.Debug|Any CPU.Build.0 = Debug|Any CPU
		{092197B0-39B7-474C-B844-3CAAFD3BD956}.Release|Any CPU.ActiveCfg = Release|Any CPU
		{092197B0-39B7-474C-B844-3CAAFD3BD956}.Release|Any CPU.Build.0 = Release|Any CPU
	EndGlobalSection
	GlobalSection(SolutionProperties) = preSolution
		HideSolutionNode = FALSE
	EndGlobalSection
	GlobalSection(ExtensibilityGlobals) = postSolution
		SolutionGuid = {70699001-53AB-464C-A28C-5E1FF38ECFA8}
	EndGlobalSection
EndGlobal
